
Microsoft Visual Studio Solution File, Format Version 12.00
# Visual Studio 2013
VisualStudioVersion = 12.0.21005.1
MinimumVisualStudioVersion = 10.0.40219.1
Project("{FAE04EC0-301F-11D3-BF4B-00C04F79EFBC}") = "BUS", "BUS\BUS.csproj", "{EE8DCFBB-9628-440B-85A1-1BC5C1D54020}"
EndProject
Project("{FAE04EC0-301F-11D3-BF4B-00C04F79EFBC}") = "DAL", "DAL\DAL.csproj", "{A1FF03BA-83C4-4FA5-BCCE-520241794125}"
EndProject
Project("{FAE04EC0-301F-11D3-BF4B-00C04F79EFBC}") = "DTO", "DTO\DTO.csproj", "{1317CEA1-519B-4DC3-838D-E345F9E1A79C}"
EndProject
Project("{FAE04EC0-301F-11D3-BF4B-00C04F79EFBC}") = "GUI", "GUI\GUI.csproj", "{CCB4F521-C141-4345-843A-62222640E597}"
EndProject
Global
	GlobalSection(SolutionConfigurationPlatforms) = preSolution
		Debug|Any CPU = Debug|Any CPU
		Release|Any CPU = Release|Any CPU
	EndGlobalSection
	GlobalSection(ProjectConfigurationPlatforms) = postSolution
		{EE8DCFBB-9628-440B-85A1-1BC5C1D54020}.Debug|Any CPU.ActiveCfg = Debug|Any CPU
		{EE8DCFBB-9628-440B-85A1-1BC5C1D54020}.Debug|Any CPU.Build.0 = Debug|Any CPU
		{EE8DCFBB-9628-440B-85A1-1BC5C1D54020}.Release|Any CPU.ActiveCfg = Release|Any CPU
		{EE8DCFBB-9628-440B-85A1-1BC5C1D54020}.Release|Any CPU.Build.0 = Release|Any CPU
		{A1FF03BA-83C4-4FA5-BCCE-520241794125}.Debug|Any CPU.ActiveCfg = Debug|Any CPU
		{A1FF03BA-83C4-4FA5-BCCE-520241794125}.Debug|Any CPU.Build.0 = Debug|Any CPU
		{A1FF03BA-83C4-4FA5-BCCE-520241794125}.Release|Any CPU.ActiveCfg = Release|Any CPU
		{A1FF03BA-83C4-4FA5-BCCE-520241794125}.Release|Any CPU.Build.0 = Release|Any CPU
		{1317CEA1-519B-4DC3-838D-E345F9E1A79C}.Debug|Any CPU.ActiveCfg = Debug|Any CPU
		{1317CEA1-519B-4DC3-838D-E345F9E1A79C}.Debug|Any CPU.Build.0 = Debug|Any CPU
		{1317CEA1-519B-4DC3-838D-E345F9E1A79C}.Release|Any CPU.ActiveCfg = Release|Any CPU
		{1317CEA1-519B-4DC3-838D-E345F9E1A79C}.Release|Any CPU.Build.0 = Release|Any CPU
		{CCB4F521-C141-4345-843A-62222640E597}.Debug|Any CPU.ActiveCfg = Debug|Any CPU
		{CCB4F521-C141-4345-843A-62222640E597}.Debug|Any CPU.Build.0 = Debug|Any CPU
		{CCB4F521-C141-4345-843A-62222640E597}.Release|Any CPU.ActiveCfg = Release|Any CPU
		{CCB4F521-C141-4345-843A-62222640E597}.Release|Any CPU.Build.0 = Release|Any CPU
	EndGlobalSection
	GlobalSection(SolutionProperties) = preSolution
		HideSolutionNode = FALSE
	EndGlobalSection
	GlobalSection(ExtensibilityGlobals) = postSolution
		SolutionGuid = {0484ED1B-E8F0-4978-A73E-1302A6EA5B37}
	EndGlobalSection
EndGlobal
